
Microsoft Visual Studio Solution File, Format Version 12.00
# Visual Studio Version 16
VisualStudioVersion = 16.0.30907.101
MinimumVisualStudioVersion = 10.0.40219.1
Project("{8BC9CEB8-8B4A-11D0-8D11-00A0C91BC942}") = "3d", "3d.vcxproj", "{6C3592CC-80F7-4BC0-8A02-CC6968D9776F}"
EndProject
Global
	GlobalSection(SolutionConfigurationPlatforms) = preSolution
		Debug|Win32 = Debug|Win32
		Debug|x64 = Debug|x64
		Release|Win32 = Release|Win32
		Release|x64 = Release|x64
	EndGlobalSection
	GlobalSection(ProjectConfigurationPlatforms) = postSolution
		{6C3592CC-80F7-4BC0-8A02-CC6968D9776F}.Debug|Win32.ActiveCfg = Debug|Win32
		{6C3592CC-80F7-4BC0-8A02-CC6968D9776F}.Debug|Win32.Build.0 = Debug|Win32
		{6C3592CC-80F7-4BC0-8A02-CC6968D9776F}.Debug|Win32.Deploy.0 = Debug|Win32
		{6C3592CC-80F7-4BC0-8A02-CC6968D9776F}.Debug|x64.ActiveCfg = Debug|x64
		{6C3592CC-80F7-4BC0-8A02-CC6968D9776F}.Debug|x64.Build.0 = Debug|x64
		{6C3592CC-80F7-4BC0-8A02-CC6968D9776F}.Debug|x64.Deploy.0 = Debug|x64
		{6C3592CC-80F7-4BC0-8A02-CC6968D9776F}.Release|Win32.ActiveCfg = Release|Win32
		{6C3592CC-80F7-4BC0-8A02-CC6968D9776F}.Release|Win32.Build.0 = Release|Win32
		{6C3592CC-80F7-4BC0-8A02-CC6968D9776F}.Release|Win32.Deploy.0 = Release|Win32
		{6C3592CC-80F7-4BC0-8A02-CC6968D9776F}.Release|x64.ActiveCfg = Release|x64
		{6C3592CC-80F7-4BC0-8A02-CC6968D9776F}.Release|x64.Build.0 = Release|x64
		{6C3592CC-80F7-4BC0-8A02-CC6968D9776F}.Release|x64.Deploy.0 = Release|x64
	EndGlobalSection
	GlobalSection(SolutionProperties) = preSolution
		HideSolutionNode = FALSE
	EndGlobalSection
	GlobalSection(ExtensibilityGlobals) = postSolution
		SolutionGuid = {0D81CFA0-A000-43D3-B25F-761F3A36CEC8}
	EndGlobalSection
EndGlobal
